
Microsoft Visual Studio Solution File, Format Version 12.00
# Visual Studio Version 17
VisualStudioVersion = 17.5.002.0
MinimumVisualStudioVersion = 10.0.40219.1
Project("{9A19103F-16F7-4668-BE54-9A1E7A4F7556}") = "programmeringmed.Net4", "programmeringmed.Net4.csproj", "{27E79BF9-C69C-4375-82CB-19D6500503CF}"
EndProject
Global
	GlobalSection(SolutionConfigurationPlatforms) = preSolution
		Debug|Any CPU = Debug|Any CPU
		Release|Any CPU = Release|Any CPU
	EndGlobalSection
	GlobalSection(ProjectConfigurationPlatforms) = postSolution
		{27E79BF9-C69C-4375-82CB-19D6500503CF}.Debug|Any CPU.ActiveCfg = Debug|Any CPU
		{27E79BF9-C69C-4375-82CB-19D6500503CF}.Debug|Any CPU.Build.0 = Debug|Any CPU
		{27E79BF9-C69C-4375-82CB-19D6500503CF}.Release|Any CPU.ActiveCfg = Release|Any CPU
		{27E79BF9-C69C-4375-82CB-19D6500503CF}.Release|Any CPU.Build.0 = Release|Any CPU
	EndGlobalSection
	GlobalSection(SolutionProperties) = preSolution
		HideSolutionNode = FALSE
	EndGlobalSection
	GlobalSection(ExtensibilityGlobals) = postSolution
		SolutionGuid = {4C34F2DE-DE02-4E66-8D5A-934F42788263}
	EndGlobalSection
EndGlobal
